
Microsoft Visual Studio Solution File, Format Version 12.00
# Visual Studio Version 17
VisualStudioVersion = 17.11.35327.3
MinimumVisualStudioVersion = 10.0.40219.1
Project("{FAE04EC0-301F-11D3-BF4B-00C04F79EFBC}") = "FactoryPattern", "FactoryPattern.csproj", "{97AB6EC6-9BF5-4EA6-96DA-78D1D21A9F60}"
EndProject
Global
	GlobalSection(SolutionConfigurationPlatforms) = preSolution
		Debug|Any CPU = Debug|Any CPU
		Release|Any CPU = Release|Any CPU
	EndGlobalSection
	GlobalSection(ProjectConfigurationPlatforms) = postSolution
		{97AB6EC6-9BF5-4EA6-96DA-78D1D21A9F60}.Debug|Any CPU.ActiveCfg = Debug|Any CPU
		{97AB6EC6-9BF5-4EA6-96DA-78D1D21A9F60}.Debug|Any CPU.Build.0 = Debug|Any CPU
		{97AB6EC6-9BF5-4EA6-96DA-78D1D21A9F60}.Release|Any CPU.ActiveCfg = Release|Any CPU
		{97AB6EC6-9BF5-4EA6-96DA-78D1D21A9F60}.Release|Any CPU.Build.0 = Release|Any CPU
	EndGlobalSection
	GlobalSection(SolutionProperties) = preSolution
		HideSolutionNode = FALSE
	EndGlobalSection
	GlobalSection(ExtensibilityGlobals) = postSolution
		SolutionGuid = {1747599E-A449-4CE2-B4E2-61CA46F7F098}
	EndGlobalSection
EndGlobal
